{
  "version": 4,
  "terraform_version": "1.12.2",
  "serial": 59,
  "lineage": "c9cc43f6-c079-7084-9d0d-702dc8e8ed05",
  "outputs": {},
  "resources": [
    {
      "module": "module.eks_infra",
      "mode": "data",
      "type": "aws_iam_policy_document",
      "name": "ec2_assume_role",
      "provider": "module.eks_infra.provider[\"registry.terraform.io/hashicorp/aws\"]",
      "instances": [
        {
          "schema_version": 0,
          "attributes": {
            "id": "2851119427",
            "json": "{\n  \"Version\": \"2012-10-17\",\n  \"Statement\": [\n    {\n      \"Effect\": \"Allow\",\n      \"Action\": \"sts:AssumeRole\",\n      \"Principal\": {\n        \"Service\": \"ec2.amazonaws.com\"\n      }\n    }\n  ]\n}",
            "minified_json": "{\"Version\":\"2012-10-17\",\"Statement\":[{\"Effect\":\"Allow\",\"Action\":\"sts:AssumeRole\",\"Principal\":{\"Service\":\"ec2.amazonaws.com\"}}]}",
            "override_json": null,
            "override_policy_documents": null,
            "policy_id": null,
            "source_json": null,
            "source_policy_documents": null,
            "statement": [
              {
                "actions": [
                  "sts:AssumeRole"
                ],
                "condition": [],
                "effect": "Allow",
                "not_actions": [],
                "not_principals": [],
                "not_resources": [],
                "principals": [
                  {
                    "identifiers": [
                      "ec2.amazonaws.com"
                    ],
                    "type": "Service"
                  }
                ],
                "resources": [],
                "sid": ""
              }
            ],
            "version": "2012-10-17"
          },
          "sensitive_attributes": [],
          "identity_schema_version": 0
        }
      ]
    },
    {
      "module": "module.eks_infra",
      "mode": "data",
      "type": "aws_iam_policy_document",
      "name": "eks_assume_role",
      "provider": "module.eks_infra.provider[\"registry.terraform.io/hashicorp/aws\"]",
      "instances": [
        {
          "schema_version": 0,
          "attributes": {
            "id": "3552664922",
            "json": "{\n  \"Version\": \"2012-10-17\",\n  \"Statement\": [\n    {\n      \"Effect\": \"Allow\",\n      \"Action\": \"sts:AssumeRole\",\n      \"Principal\": {\n        \"Service\": \"eks.amazonaws.com\"\n      }\n    }\n  ]\n}",
            "minified_json": "{\"Version\":\"2012-10-17\",\"Statement\":[{\"Effect\":\"Allow\",\"Action\":\"sts:AssumeRole\",\"Principal\":{\"Service\":\"eks.amazonaws.com\"}}]}",
            "override_json": null,
            "override_policy_documents": null,
            "policy_id": null,
            "source_json": null,
            "source_policy_documents": null,
            "statement": [
              {
                "actions": [
                  "sts:AssumeRole"
                ],
                "condition": [],
                "effect": "Allow",
                "not_actions": [],
                "not_principals": [],
                "not_resources": [],
                "principals": [
                  {
                    "identifiers": [
                      "eks.amazonaws.com"
                    ],
                    "type": "Service"
                  }
                ],
                "resources": [],
                "sid": ""
              }
            ],
            "version": "2012-10-17"
          },
          "sensitive_attributes": [],
          "identity_schema_version": 0
        }
      ]
    },
    {
      "module": "module.eks_infra",
      "mode": "managed",
      "type": "aws_eks_cluster",
      "name": "eks_cluster",
      "provider": "module.eks_infra.provider[\"registry.terraform.io/hashicorp/aws\"]",
      "instances": [
        {
          "schema_version": 1,
          "attributes": {
            "access_config": [
              {
                "authentication_mode": "CONFIG_MAP",
                "bootstrap_cluster_creator_admin_permissions": true
              }
            ],
            "arn": "arn:aws:eks:us-east-1:590183940398:cluster/aniket-eks-prod-cluster",
            "bootstrap_self_managed_addons": true,
            "certificate_authority": [
              {
                "data": "LS0tLS1CRUdJTiBDRVJUSUZJQ0FURS0tLS0tCk1JSURCVENDQWUyZ0F3SUJBZ0lJTkEvb3JwenAyY0l3RFFZSktvWklodmNOQVFFTEJRQXdGVEVUTUJFR0ExVUUKQXhNS2EzVmlaWEp1WlhSbGN6QWVGdzB5TlRBM01URXdOalU0TXpGYUZ3MHpOVEEzTURrd056QXpNekZhTUJVeApFekFSQmdOVkJBTVRDbXQxWW1WeWJtVjBaWE13Z2dFaU1BMEdDU3FHU0liM0RRRUJBUVVBQTRJQkR3QXdnZ0VLCkFvSUJBUURmQU5wNzkwYXNOaW4xLzdNQUdLUjUzeGFQc3FtN2lrMk9IV0Q0TjRBbFJxRHRkUmlQa3lPaU9uVmcKVElNT3B5ZUgxdVdscmo2Umt6eFpzU0FaWnl1b09RNlgySk5oMlB4WEg0RjlmTGFNbWtZS3FXd0VpYW0wWngyQwpZTTJIUlVGV2dKNnFGTTQ4Z21xVXZCVVJUa0R3TU9xNlR2RHdkSjVxWjV4WXFzOGI5OFVGSm1NNTRQR052VlkrCm5ib1R2a0lJL3RJV1M3a1VwRlpPSGVYblBSSytQNnQvZEx0QmN0UUc4dmdCL0tQV3FVN0JOU2V6emEvMHJYRDEKRklwR0UxcE4zUEhZSU1ISjFqWGphdzNWNjFZU2I1ZVU1S0dtb0Uvak9FNkNPcmVGbXdaQ09jS2ZZRExoSjZxaQpYQWVKd0RoTkpiSlM3Z1lxd2tkWVFaRElGNjB4QWdNQkFBR2pXVEJYTUE0R0ExVWREd0VCL3dRRUF3SUNwREFQCkJnTlZIUk1CQWY4RUJUQURBUUgvTUIwR0ExVWREZ1FXQkJRRE5zcWZ3UEp2UW4zZlQ1QVZrcGpMN1FyS3VqQVYKQmdOVkhSRUVEakFNZ2dwcmRXSmxjbTVsZEdWek1BMEdDU3FHU0liM0RRRUJDd1VBQTRJQkFRREVvQ3lmUHVwSQp3Q3oxMVk3YWQ2aXdGeDFUdERoY3lRTG5aQmMzTi90YWpJV1VrQ3h4S2xxTzEyUC9BVFpCbnpqU2JubFdkSlBLCmQ4WTE3Njk5bFVFQ0tPd3ZMWWZyWXFzWDBwNFhZaXlyeUVLa3hWZkE4WnVpVGFLOVJFQ3FCR2pBTlJxcUhFK0YKekNFdDZvQ0tKcCtYUjJHYnFyOGpzOEE3MEszRjNIdmgrdHU4ekZTcDMwaS94MmZyUHpwMEVjYUlzR2ZwQy9RMApQcDFwVjMzSGQ0eUl0eW9oSVBXN2FQTDJFcFBrdVZ2Wld0NCtLMjl6YWY2UEJHWFJDcGdmKzRpNE4ybHQ0WjlpCjA1aFBVaFRsWHhydTZQSC9DRGFQL3p3Y1IwdS9IMTVwbnovZExSbUNzRlZxK1l3WUVJblhRL2lnNGk0bGh2amwKNU4zbUFCNUJlVk5yCi0tLS0tRU5EIENFUlRJRklDQVRFLS0tLS0K"
              }
            ],
            "cluster_id": null,
            "compute_config": [],
            "created_at": "2025-07-11T06:58:38Z",
            "enabled_cluster_log_types": [],
            "encryption_config": [],
            "endpoint": "https://C53FCC31E74AA74392B1F0198ED1457C.gr7.us-east-1.eks.amazonaws.com",
            "force_update_version": null,
            "id": "aniket-eks-prod-cluster",
            "identity": [
              {
                "oidc": [
                  {
                    "issuer": "https://oidc.eks.us-east-1.amazonaws.com/id/C53FCC31E74AA74392B1F0198ED1457C"
                  }
                ]
              }
            ],
            "kubernetes_network_config": [
              {
                "elastic_load_balancing": [
                  {
                    "enabled": false
                  }
                ],
                "ip_family": "ipv4",
                "service_ipv4_cidr": "172.20.0.0/16",
                "service_ipv6_cidr": ""
              }
            ],
            "name": "aniket-eks-prod-cluster",
            "outpost_config": [],
            "platform_version": "eks.6",
            "region": "us-east-1",
            "remote_network_config": [],
            "role_arn": "arn:aws:iam::590183940398:role/var.cluster_name-role",
            "status": "ACTIVE",
            "storage_config": [],
            "tags": {},
            "tags_all": {},
            "timeouts": null,
            "upgrade_policy": [
              {
                "support_type": "EXTENDED"
              }
            ],
            "version": "1.33",
            "vpc_config": [
              {
                "cluster_security_group_id": "sg-09a900e19ce91c83d",
                "endpoint_private_access": false,
                "endpoint_public_access": true,
                "public_access_cidrs": [
                  "0.0.0.0/0"
                ],
                "security_group_ids": [
                  "sg-07fb45c83828b69b8"
                ],
                "subnet_ids": [
                  "subnet-00c3cf29f61f17ae2",
                  "subnet-074d1a993edc9b0f4"
                ],
                "vpc_id": "vpc-0ebbbbb4c9d3dc322"
              }
            ],
            "zonal_shift_config": []
          },
          "sensitive_attributes": [],
          "identity_schema_version": 0,
          "private": "eyJlMmJmYjczMC1lY2FhLTExZTYtOGY4OC0zNDM2M2JjN2M0YzAiOnsiY3JlYXRlIjoxODAwMDAwMDAwMDAwLCJkZWxldGUiOjkwMDAwMDAwMDAwMCwidXBkYXRlIjozNjAwMDAwMDAwMDAwfSwic2NoZW1hX3ZlcnNpb24iOiIxIn0=",
          "dependencies": [
            "module.eks_infra.aws_iam_role.eks_cluster_role",
            "module.eks_infra.aws_security_group.eks_cluster_sg",
            "module.eks_infra.aws_subnet.project_subnets",
            "module.eks_infra.aws_vpc.project_vpc",
            "module.eks_infra.data.aws_iam_policy_document.eks_assume_role"
          ]
        }
      ]
    },
    {
      "module": "module.eks_infra",
      "mode": "managed",
      "type": "aws_eks_node_group",
      "name": "eks_node_group",
      "provider": "module.eks_infra.provider[\"registry.terraform.io/hashicorp/aws\"]",
      "instances": [
        {
          "schema_version": 0,
          "attributes": {
            "ami_type": "AL2023_x86_64_STANDARD",
            "arn": "arn:aws:eks:us-east-1:590183940398:nodegroup/aniket-eks-prod-cluster/aniket-eks-prod-cluster-node-group/42cbfc2d-ac5d-6903-ec37-bbac896e311b",
            "capacity_type": "ON_DEMAND",
            "cluster_name": "aniket-eks-prod-cluster",
            "disk_size": 20,
            "force_update_version": null,
            "id": "aniket-eks-prod-cluster:aniket-eks-prod-cluster-node-group",
            "instance_types": [
              "t2.large"
            ],
            "labels": null,
            "launch_template": [],
            "node_group_name": "aniket-eks-prod-cluster-node-group",
            "node_group_name_prefix": "",
            "node_repair_config": [],
            "node_role_arn": "arn:aws:iam::590183940398:role/cloudopsdemo-eks-node-role",
            "region": "us-east-1",
            "release_version": "1.33.0-20250627",
            "remote_access": [
              {
                "ec2_ssh_key": "anikettestproject",
                "source_security_group_ids": [
                  "sg-0f18647a0d14ae67f"
                ]
              }
            ],
            "resources": [
              {
                "autoscaling_groups": [
                  {
                    "name": "eks-aniket-eks-prod-cluster-node-group-42cbfc2d-ac5d-6903-ec37-bbac896e311b"
                  }
                ],
                "remote_access_security_group_id": "sg-0dd5417725cabb0e6"
              }
            ],
            "scaling_config": [
              {
                "desired_size": 3,
                "max_size": 3,
                "min_size": 3
              }
            ],
            "status": "ACTIVE",
            "subnet_ids": [
              "subnet-00c3cf29f61f17ae2",
              "subnet-074d1a993edc9b0f4"
            ],
            "tags": null,
            "tags_all": {},
            "taint": [],
            "timeouts": null,
            "update_config": [
              {
                "max_unavailable": 1,
                "max_unavailable_percentage": 0
              }
            ],
            "version": "1.33"
          },
          "sensitive_attributes": [],
          "identity_schema_version": 0,
          "private": "eyJlMmJmYjczMC1lY2FhLTExZTYtOGY4OC0zNDM2M2JjN2M0YzAiOnsiY3JlYXRlIjozNjAwMDAwMDAwMDAwLCJkZWxldGUiOjM2MDAwMDAwMDAwMDAsInVwZGF0ZSI6MzYwMDAwMDAwMDAwMH19",
          "dependencies": [
            "module.eks_infra.aws_eks_cluster.eks_cluster",
            "module.eks_infra.aws_iam_role.eks_cluster_role",
            "module.eks_infra.aws_iam_role.eks_node_role",
            "module.eks_infra.aws_security_group.eks_cluster_sg",
            "module.eks_infra.aws_security_group.eks_node_sg",
            "module.eks_infra.aws_subnet.project_subnets",
            "module.eks_infra.aws_vpc.project_vpc",
            "module.eks_infra.data.aws_iam_policy_document.ec2_assume_role",
            "module.eks_infra.data.aws_iam_policy_document.eks_assume_role"
          ]
        }
      ]
    },
    {
      "module": "module.eks_infra",
      "mode": "managed",
      "type": "aws_iam_role",
      "name": "eks_cluster_role",
      "provider": "module.eks_infra.provider[\"registry.terraform.io/hashicorp/aws\"]",
      "instances": [
        {
          "schema_version": 0,
          "attributes": {
            "arn": "arn:aws:iam::590183940398:role/var.cluster_name-role",
            "assume_role_policy": "{\"Statement\":[{\"Action\":\"sts:AssumeRole\",\"Effect\":\"Allow\",\"Principal\":{\"Service\":\"eks.amazonaws.com\"}}],\"Version\":\"2012-10-17\"}",
            "create_date": "2025-07-11T06:58:18Z",
            "description": "",
            "force_detach_policies": false,
            "id": "var.cluster_name-role",
            "inline_policy": [],
            "managed_policy_arns": [
              "arn:aws:iam::aws:policy/AmazonEKSClusterPolicy"
            ],
            "max_session_duration": 3600,
            "name": "var.cluster_name-role",
            "name_prefix": "",
            "path": "/",
            "permissions_boundary": "",
            "tags": {},
            "tags_all": {},
            "unique_id": "AROAYS2NUIEXFEYPP4P5F"
          },
          "sensitive_attributes": [],
          "identity_schema_version": 0,
          "identity": {
            "account_id": "590183940398",
            "name": "var.cluster_name-role"
          },
          "private": "bnVsbA==",
          "dependencies": [
            "module.eks_infra.data.aws_iam_policy_document.eks_assume_role"
          ]
        }
      ]
    },
    {
      "module": "module.eks_infra",
      "mode": "managed",
      "type": "aws_iam_role",
      "name": "eks_node_role",
      "provider": "module.eks_infra.provider[\"registry.terraform.io/hashicorp/aws\"]",
      "instances": [
        {
          "schema_version": 0,
          "attributes": {
            "arn": "arn:aws:iam::590183940398:role/cloudopsdemo-eks-node-role",
            "assume_role_policy": "{\"Statement\":[{\"Action\":\"sts:AssumeRole\",\"Effect\":\"Allow\",\"Principal\":{\"Service\":\"ec2.amazonaws.com\"}}],\"Version\":\"2012-10-17\"}",
            "create_date": "2025-07-11T06:58:18Z",
            "description": "",
            "force_detach_policies": false,
            "id": "cloudopsdemo-eks-node-role",
            "inline_policy": [],
            "managed_policy_arns": [
              "arn:aws:iam::aws:policy/AmazonEC2ContainerRegistryReadOnly",
              "arn:aws:iam::aws:policy/AmazonEKSWorkerNodePolicy",
              "arn:aws:iam::aws:policy/AmazonEKS_CNI_Policy"
            ],
            "max_session_duration": 3600,
            "name": "cloudopsdemo-eks-node-role",
            "name_prefix": "",
            "path": "/",
            "permissions_boundary": "",
            "tags": {},
            "tags_all": {},
            "unique_id": "AROAYS2NUIEXJAEJLJXQE"
          },
          "sensitive_attributes": [],
          "identity_schema_version": 0,
          "identity": {
            "account_id": "590183940398",
            "name": "cloudopsdemo-eks-node-role"
          },
          "private": "bnVsbA==",
          "dependencies": [
            "module.eks_infra.data.aws_iam_policy_document.ec2_assume_role"
          ]
        }
      ]
    },
    {
      "module": "module.eks_infra",
      "mode": "managed",
      "type": "aws_iam_role_policy_attachment",
      "name": "eks_cluster_policy",
      "provider": "module.eks_infra.provider[\"registry.terraform.io/hashicorp/aws\"]",
      "instances": [
        {
          "schema_version": 0,
          "attributes": {
            "id": "var.cluster_name-role/arn:aws:iam::aws:policy/AmazonEKSClusterPolicy",
            "policy_arn": "arn:aws:iam::aws:policy/AmazonEKSClusterPolicy",
            "role": "var.cluster_name-role"
          },
          "sensitive_attributes": [],
          "identity_schema_version": 0,
          "identity": {
            "account_id": "590183940398",
            "policy_arn": "arn:aws:iam::aws:policy/AmazonEKSClusterPolicy",
            "role": "var.cluster_name-role"
          },
          "private": "bnVsbA==",
          "dependencies": [
            "module.eks_infra.aws_iam_role.eks_cluster_role",
            "module.eks_infra.data.aws_iam_policy_document.eks_assume_role"
          ]
        }
      ]
    },
    {
      "module": "module.eks_infra",
      "mode": "managed",
      "type": "aws_iam_role_policy_attachment",
      "name": "node_group_policies",
      "provider": "module.eks_infra.provider[\"registry.terraform.io/hashicorp/aws\"]",
      "instances": [
        {
          "index_key": "arn:aws:iam::aws:policy/AmazonEC2ContainerRegistryReadOnly",
          "schema_version": 0,
          "attributes": {
            "id": "cloudopsdemo-eks-node-role/arn:aws:iam::aws:policy/AmazonEC2ContainerRegistryReadOnly",
            "policy_arn": "arn:aws:iam::aws:policy/AmazonEC2ContainerRegistryReadOnly",
            "role": "cloudopsdemo-eks-node-role"
          },
          "sensitive_attributes": [],
          "identity_schema_version": 0,
          "identity": {
            "account_id": "590183940398",
            "policy_arn": "arn:aws:iam::aws:policy/AmazonEC2ContainerRegistryReadOnly",
            "role": "cloudopsdemo-eks-node-role"
          },
          "private": "bnVsbA==",
          "dependencies": [
            "module.eks_infra.aws_iam_role.eks_node_role",
            "module.eks_infra.data.aws_iam_policy_document.ec2_assume_role"
          ]
        },
        {
          "index_key": "arn:aws:iam::aws:policy/AmazonEKSWorkerNodePolicy",
          "schema_version": 0,
          "attributes": {
            "id": "cloudopsdemo-eks-node-role/arn:aws:iam::aws:policy/AmazonEKSWorkerNodePolicy",
            "policy_arn": "arn:aws:iam::aws:policy/AmazonEKSWorkerNodePolicy",
            "role": "cloudopsdemo-eks-node-role"
          },
          "sensitive_attributes": [],
          "identity_schema_version": 0,
          "identity": {
            "account_id": "590183940398",
            "policy_arn": "arn:aws:iam::aws:policy/AmazonEKSWorkerNodePolicy",
            "role": "cloudopsdemo-eks-node-role"
          },
          "private": "bnVsbA==",
          "dependencies": [
            "module.eks_infra.aws_iam_role.eks_node_role",
            "module.eks_infra.data.aws_iam_policy_document.ec2_assume_role"
          ]
        },
        {
          "index_key": "arn:aws:iam::aws:policy/AmazonEKS_CNI_Policy",
          "schema_version": 0,
          "attributes": {
            "id": "cloudopsdemo-eks-node-role/arn:aws:iam::aws:policy/AmazonEKS_CNI_Policy",
            "policy_arn": "arn:aws:iam::aws:policy/AmazonEKS_CNI_Policy",
            "role": "cloudopsdemo-eks-node-role"
          },
          "sensitive_attributes": [],
          "identity_schema_version": 0,
          "identity": {
            "account_id": "590183940398",
            "policy_arn": "arn:aws:iam::aws:policy/AmazonEKS_CNI_Policy",
            "role": "cloudopsdemo-eks-node-role"
          },
          "private": "bnVsbA==",
          "dependencies": [
            "module.eks_infra.aws_iam_role.eks_node_role",
            "module.eks_infra.data.aws_iam_policy_document.ec2_assume_role"
          ]
        }
      ]
    },
    {
      "module": "module.eks_infra",
      "mode": "managed",
      "type": "aws_internet_gateway",
      "name": "project_igw",
      "provider": "module.eks_infra.provider[\"registry.terraform.io/hashicorp/aws\"]",
      "instances": [
        {
          "schema_version": 0,
          "attributes": {
            "arn": "arn:aws:ec2:us-east-1:590183940398:internet-gateway/igw-04e00fb71dd3831b9",
            "id": "igw-04e00fb71dd3831b9",
            "owner_id": "590183940398",
            "region": "us-east-1",
            "tags": {
              "Name": "cloudopsdemo-igw"
            },
            "tags_all": {
              "Name": "cloudopsdemo-igw"
            },
            "timeouts": null,
            "vpc_id": "vpc-0ebbbbb4c9d3dc322"
          },
          "sensitive_attributes": [],
          "identity_schema_version": 0,
          "private": "eyJlMmJmYjczMC1lY2FhLTExZTYtOGY4OC0zNDM2M2JjN2M0YzAiOnsiY3JlYXRlIjoxMjAwMDAwMDAwMDAwLCJkZWxldGUiOjEyMDAwMDAwMDAwMDAsInVwZGF0ZSI6MTIwMDAwMDAwMDAwMH19",
          "dependencies": [
            "module.eks_infra.aws_vpc.project_vpc"
          ]
        }
      ]
    },
    {
      "module": "module.eks_infra",
      "mode": "managed",
      "type": "aws_route_table",
      "name": "project_rt",
      "provider": "module.eks_infra.provider[\"registry.terraform.io/hashicorp/aws\"]",
      "instances": [
        {
          "schema_version": 0,
          "attributes": {
            "arn": "arn:aws:ec2:us-east-1:590183940398:route-table/rtb-085696426de6232b3",
            "id": "rtb-085696426de6232b3",
            "owner_id": "590183940398",
            "propagating_vgws": [],
            "region": "us-east-1",
            "route": [
              {
                "carrier_gateway_id": "",
                "cidr_block": "0.0.0.0/0",
                "core_network_arn": "",
                "destination_prefix_list_id": "",
                "egress_only_gateway_id": "",
                "gateway_id": "igw-04e00fb71dd3831b9",
                "ipv6_cidr_block": "",
                "local_gateway_id": "",
                "nat_gateway_id": "",
                "network_interface_id": "",
                "transit_gateway_id": "",
                "vpc_endpoint_id": "",
                "vpc_peering_connection_id": ""
              }
            ],
            "tags": {
              "Name": "cloudopsdemo-route-table"
            },
            "tags_all": {
              "Name": "cloudopsdemo-route-table"
            },
            "timeouts": null,
            "vpc_id": "vpc-0ebbbbb4c9d3dc322"
          },
          "sensitive_attributes": [],
          "identity_schema_version": 0,
          "private": "eyJlMmJmYjczMC1lY2FhLTExZTYtOGY4OC0zNDM2M2JjN2M0YzAiOnsiY3JlYXRlIjozMDAwMDAwMDAwMDAsImRlbGV0ZSI6MzAwMDAwMDAwMDAwLCJ1cGRhdGUiOjEyMDAwMDAwMDAwMH19",
          "dependencies": [
            "module.eks_infra.aws_internet_gateway.project_igw",
            "module.eks_infra.aws_vpc.project_vpc"
          ]
        }
      ]
    },
    {
      "module": "module.eks_infra",
      "mode": "managed",
      "type": "aws_route_table_association",
      "name": "project_rta",
      "provider": "module.eks_infra.provider[\"registry.terraform.io/hashicorp/aws\"]",
      "instances": [
        {
          "index_key": 0,
          "schema_version": 0,
          "attributes": {
            "gateway_id": "",
            "id": "rtbassoc-03138e580176e9b65",
            "region": "us-east-1",
            "route_table_id": "rtb-085696426de6232b3",
            "subnet_id": "subnet-074d1a993edc9b0f4",
            "timeouts": null
          },
          "sensitive_attributes": [],
          "identity_schema_version": 0,
          "private": "eyJlMmJmYjczMC1lY2FhLTExZTYtOGY4OC0zNDM2M2JjN2M0YzAiOnsiY3JlYXRlIjozMDAwMDAwMDAwMDAsImRlbGV0ZSI6MzAwMDAwMDAwMDAwLCJ1cGRhdGUiOjEyMDAwMDAwMDAwMH19",
          "dependencies": [
            "module.eks_infra.aws_internet_gateway.project_igw",
            "module.eks_infra.aws_route_table.project_rt",
            "module.eks_infra.aws_subnet.project_subnets",
            "module.eks_infra.aws_vpc.project_vpc"
          ]
        },
        {
          "index_key": 1,
          "schema_version": 0,
          "attributes": {
            "gateway_id": "",
            "id": "rtbassoc-0ad3d3f470e681c9f",
            "region": "us-east-1",
            "route_table_id": "rtb-085696426de6232b3",
            "subnet_id": "subnet-00c3cf29f61f17ae2",
            "timeouts": null
          },
          "sensitive_attributes": [],
          "identity_schema_version": 0,
          "private": "eyJlMmJmYjczMC1lY2FhLTExZTYtOGY4OC0zNDM2M2JjN2M0YzAiOnsiY3JlYXRlIjozMDAwMDAwMDAwMDAsImRlbGV0ZSI6MzAwMDAwMDAwMDAwLCJ1cGRhdGUiOjEyMDAwMDAwMDAwMH19",
          "dependencies": [
            "module.eks_infra.aws_internet_gateway.project_igw",
            "module.eks_infra.aws_route_table.project_rt",
            "module.eks_infra.aws_subnet.project_subnets",
            "module.eks_infra.aws_vpc.project_vpc"
          ]
        }
      ]
    },
    {
      "module": "module.eks_infra",
      "mode": "managed",
      "type": "aws_security_group",
      "name": "eks_cluster_sg",
      "provider": "module.eks_infra.provider[\"registry.terraform.io/hashicorp/aws\"]",
      "instances": [
        {
          "schema_version": 1,
          "attributes": {
            "arn": "arn:aws:ec2:us-east-1:590183940398:security-group/sg-07fb45c83828b69b8",
            "description": "Managed by Terraform",
            "egress": [
              {
                "cidr_blocks": [
                  "0.0.0.0/0"
                ],
                "description": "",
                "from_port": 0,
                "ipv6_cidr_blocks": [],
                "prefix_list_ids": [],
                "protocol": "-1",
                "security_groups": [],
                "self": false,
                "to_port": 0
              }
            ],
            "id": "sg-07fb45c83828b69b8",
            "ingress": [],
            "name": "terraform-20250711065822196600000001",
            "name_prefix": "terraform-",
            "owner_id": "590183940398",
            "region": "us-east-1",
            "revoke_rules_on_delete": false,
            "tags": {
              "Name": "var.cluster_name-sg"
            },
            "tags_all": {
              "Name": "var.cluster_name-sg"
            },
            "timeouts": null,
            "vpc_id": "vpc-0ebbbbb4c9d3dc322"
          },
          "sensitive_attributes": [],
          "identity_schema_version": 0,
          "private": "eyJlMmJmYjczMC1lY2FhLTExZTYtOGY4OC0zNDM2M2JjN2M0YzAiOnsiY3JlYXRlIjo2MDAwMDAwMDAwMDAsImRlbGV0ZSI6OTAwMDAwMDAwMDAwfSwic2NoZW1hX3ZlcnNpb24iOiIxIn0=",
          "dependencies": [
            "module.eks_infra.aws_vpc.project_vpc"
          ]
        }
      ]
    },
    {
      "module": "module.eks_infra",
      "mode": "managed",
      "type": "aws_security_group",
      "name": "eks_node_sg",
      "provider": "module.eks_infra.provider[\"registry.terraform.io/hashicorp/aws\"]",
      "instances": [
        {
          "schema_version": 1,
          "attributes": {
            "arn": "arn:aws:ec2:us-east-1:590183940398:security-group/sg-0f18647a0d14ae67f",
            "description": "Managed by Terraform",
            "egress": [
              {
                "cidr_blocks": [
                  "0.0.0.0/0"
                ],
                "description": "",
                "from_port": 0,
                "ipv6_cidr_blocks": [],
                "prefix_list_ids": [],
                "protocol": "-1",
                "security_groups": [],
                "self": false,
                "to_port": 0
              }
            ],
            "id": "sg-0f18647a0d14ae67f",
            "ingress": [
              {
                "cidr_blocks": [
                  "0.0.0.0/0"
                ],
                "description": "",
                "from_port": 0,
                "ipv6_cidr_blocks": [],
                "prefix_list_ids": [],
                "protocol": "-1",
                "security_groups": [],
                "self": false,
                "to_port": 0
              }
            ],
            "name": "terraform-20250711065822199300000002",
            "name_prefix": "terraform-",
            "owner_id": "590183940398",
            "region": "us-east-1",
            "revoke_rules_on_delete": false,
            "tags": {
              "Name": "cloudopsdemo-eks-node-sg"
            },
            "tags_all": {
              "Name": "cloudopsdemo-eks-node-sg"
            },
            "timeouts": null,
            "vpc_id": "vpc-0ebbbbb4c9d3dc322"
          },
          "sensitive_attributes": [],
          "identity_schema_version": 0,
          "private": "eyJlMmJmYjczMC1lY2FhLTExZTYtOGY4OC0zNDM2M2JjN2M0YzAiOnsiY3JlYXRlIjo2MDAwMDAwMDAwMDAsImRlbGV0ZSI6OTAwMDAwMDAwMDAwfSwic2NoZW1hX3ZlcnNpb24iOiIxIn0=",
          "dependencies": [
            "module.eks_infra.aws_vpc.project_vpc"
          ]
        }
      ]
    },
    {
      "module": "module.eks_infra",
      "mode": "managed",
      "type": "aws_subnet",
      "name": "project_subnets",
      "provider": "module.eks_infra.provider[\"registry.terraform.io/hashicorp/aws\"]",
      "instances": [
        {
          "index_key": 0,
          "schema_version": 1,
          "attributes": {
            "arn": "arn:aws:ec2:us-east-1:590183940398:subnet/subnet-074d1a993edc9b0f4",
            "assign_ipv6_address_on_creation": false,
            "availability_zone": "us-east-1a",
            "availability_zone_id": "use1-az1",
            "cidr_block": "10.0.0.0/24",
            "customer_owned_ipv4_pool": "",
            "enable_dns64": false,
            "enable_lni_at_device_index": 0,
            "enable_resource_name_dns_a_record_on_launch": false,
            "enable_resource_name_dns_aaaa_record_on_launch": false,
            "id": "subnet-074d1a993edc9b0f4",
            "ipv6_cidr_block": "",
            "ipv6_cidr_block_association_id": "",
            "ipv6_native": false,
            "map_customer_owned_ip_on_launch": false,
            "map_public_ip_on_launch": true,
            "outpost_arn": "",
            "owner_id": "590183940398",
            "private_dns_hostname_type_on_launch": "ip-name",
            "region": "us-east-1",
            "tags": {
              "Name": "cloudopsdemo-subnet-0"
            },
            "tags_all": {
              "Name": "cloudopsdemo-subnet-0"
            },
            "timeouts": null,
            "vpc_id": "vpc-0ebbbbb4c9d3dc322"
          },
          "sensitive_attributes": [],
          "identity_schema_version": 0,
          "private": "eyJlMmJmYjczMC1lY2FhLTExZTYtOGY4OC0zNDM2M2JjN2M0YzAiOnsiY3JlYXRlIjo2MDAwMDAwMDAwMDAsImRlbGV0ZSI6MTIwMDAwMDAwMDAwMH0sInNjaGVtYV92ZXJzaW9uIjoiMSJ9",
          "dependencies": [
            "module.eks_infra.aws_vpc.project_vpc"
          ]
        },
        {
          "index_key": 1,
          "schema_version": 1,
          "attributes": {
            "arn": "arn:aws:ec2:us-east-1:590183940398:subnet/subnet-00c3cf29f61f17ae2",
            "assign_ipv6_address_on_creation": false,
            "availability_zone": "us-east-1b",
            "availability_zone_id": "use1-az2",
            "cidr_block": "10.0.1.0/24",
            "customer_owned_ipv4_pool": "",
            "enable_dns64": false,
            "enable_lni_at_device_index": 0,
            "enable_resource_name_dns_a_record_on_launch": false,
            "enable_resource_name_dns_aaaa_record_on_launch": false,
            "id": "subnet-00c3cf29f61f17ae2",
            "ipv6_cidr_block": "",
            "ipv6_cidr_block_association_id": "",
            "ipv6_native": false,
            "map_customer_owned_ip_on_launch": false,
            "map_public_ip_on_launch": true,
            "outpost_arn": "",
            "owner_id": "590183940398",
            "private_dns_hostname_type_on_launch": "ip-name",
            "region": "us-east-1",
            "tags": {
              "Name": "cloudopsdemo-subnet-1"
            },
            "tags_all": {
              "Name": "cloudopsdemo-subnet-1"
            },
            "timeouts": null,
            "vpc_id": "vpc-0ebbbbb4c9d3dc322"
          },
          "sensitive_attributes": [],
          "identity_schema_version": 0,
          "private": "eyJlMmJmYjczMC1lY2FhLTExZTYtOGY4OC0zNDM2M2JjN2M0YzAiOnsiY3JlYXRlIjo2MDAwMDAwMDAwMDAsImRlbGV0ZSI6MTIwMDAwMDAwMDAwMH0sInNjaGVtYV92ZXJzaW9uIjoiMSJ9",
          "dependencies": [
            "module.eks_infra.aws_vpc.project_vpc"
          ]
        }
      ]
    },
    {
      "module": "module.eks_infra",
      "mode": "managed",
      "type": "aws_vpc",
      "name": "project_vpc",
      "provider": "module.eks_infra.provider[\"registry.terraform.io/hashicorp/aws\"]",
      "instances": [
        {
          "schema_version": 1,
          "attributes": {
            "arn": "arn:aws:ec2:us-east-1:590183940398:vpc/vpc-0ebbbbb4c9d3dc322",
            "assign_generated_ipv6_cidr_block": false,
            "cidr_block": "10.0.0.0/16",
            "default_network_acl_id": "acl-0506444a9783de7d6",
            "default_route_table_id": "rtb-0ca69aa7dbbb8cabe",
            "default_security_group_id": "sg-0374cdf6a811676e8",
            "dhcp_options_id": "dopt-0b17728b551cb2adb",
            "enable_dns_hostnames": false,
            "enable_dns_support": true,
            "enable_network_address_usage_metrics": false,
            "id": "vpc-0ebbbbb4c9d3dc322",
            "instance_tenancy": "default",
            "ipv4_ipam_pool_id": null,
            "ipv4_netmask_length": null,
            "ipv6_association_id": "",
            "ipv6_cidr_block": "",
            "ipv6_cidr_block_network_border_group": "",
            "ipv6_ipam_pool_id": "",
            "ipv6_netmask_length": 0,
            "main_route_table_id": "rtb-0ca69aa7dbbb8cabe",
            "owner_id": "590183940398",
            "region": "us-east-1",
            "tags": {
              "Name": "cloudopsdemo-vpc"
            },
            "tags_all": {
              "Name": "cloudopsdemo-vpc"
            }
          },
          "sensitive_attributes": [],
          "identity_schema_version": 0,
          "private": "eyJzY2hlbWFfdmVyc2lvbiI6IjEifQ=="
        }
      ]
    }
  ],
  "check_results": null
}
